// !$*UTF8*$!
{
	archiveVersion = 1;
	classes = {
	};
	objectVersion = 56;
	objects = {

/* Begin PBXBuildFile section */
		52EDA3A12B7F210600B87043 /* BB_QuotesApp.swift in Sources */ = {isa = PBXBuildFile; fileRef = 52EDA3A02B7F210600B87043 /* BB_QuotesApp.swift */; };
		52EDA3A32B7F210600B87043 /* ContentView.swift in Sources */ = {isa = PBXBuildFile; fileRef = 52EDA3A22B7F210600B87043 /* ContentView.swift */; };
		52EDA3A52B7F211600B87043 /* Assets.xcassets in Resources */ = {isa = PBXBuildFile; fileRef = 52EDA3A42B7F211600B87043 /* Assets.xcassets */; };
		52EDA3A82B7F211600B87043 /* Preview Assets.xcassets in Resources */ = {isa = PBXBuildFile; fileRef = 52EDA3A72B7F211600B87043 /* Preview Assets.xcassets */; };
		52EDA3B22B7F211800B87043 /* BB_QuotesTests.swift in Sources */ = {isa = PBXBuildFile; fileRef = 52EDA3B12B7F211800B87043 /* BB_QuotesTests.swift */; };
		52EDA3BC2B7F211900B87043 /* BB_QuotesUITests.swift in Sources */ = {isa = PBXBuildFile; fileRef = 52EDA3BB2B7F211900B87043 /* BB_QuotesUITests.swift */; };
		52EDA3BE2B7F211900B87043 /* BB_QuotesUITestsLaunchTests.swift in Sources */ = {isa = PBXBuildFile; fileRef = 52EDA3BD2B7F211900B87043 /* BB_QuotesUITestsLaunchTests.swift */; };
		52EDA3CB2B7F242B00B87043 /* samplecharacter.json in Resources */ = {isa = PBXBuildFile; fileRef = 52EDA3CA2B7F242B00B87043 /* samplecharacter.json */; };
		52EDA3CD2B7F292B00B87043 /* Quote.swift in Sources */ = {isa = PBXBuildFile; fileRef = 52EDA3CC2B7F292B00B87043 /* Quote.swift */; };
		52EDA3CF2B7F2A1800B87043 /* Character.swift in Sources */ = {isa = PBXBuildFile; fileRef = 52EDA3CE2B7F2A1800B87043 /* Character.swift */; };
		52EDA3D12B7F2AD100B87043 /* README.md in Resources */ = {isa = PBXBuildFile; fileRef = 52EDA3D02B7F2AD100B87043 /* README.md */; };
		52EDA3D32B7F2C5B00B87043 /* FetchController.swift in Sources */ = {isa = PBXBuildFile; fileRef = 52EDA3D22B7F2C5B00B87043 /* FetchController.swift */; };
		52EDA3D52B7F302200B87043 /* Constants.swift in Sources */ = {isa = PBXBuildFile; fileRef = 52EDA3D42B7F302200B87043 /* Constants.swift */; };
		52EDA3D72B802AD900B87043 /* ViewModel.swift in Sources */ = {isa = PBXBuildFile; fileRef = 52EDA3D62B802AD900B87043 /* ViewModel.swift */; };
		52EDA3D92B80394000B87043 /* QuoteView.swift in Sources */ = {isa = PBXBuildFile; fileRef = 52EDA3D82B80394000B87043 /* QuoteView.swift */; };
		52EDA3DB2B80602100B87043 /* CharacterVIew.swift in Sources */ = {isa = PBXBuildFile; fileRef = 52EDA3DA2B80602100B87043 /* CharacterVIew.swift */; };
/* End PBXBuildFile section */

/* Begin PBXContainerItemProxy section */
		52EDA3AE2B7F211800B87043 /* PBXContainerItemProxy */ = {
			isa = PBXContainerItemProxy;
			containerPortal = 52EDA3952B7F210600B87043 /* Project object */;
			proxyType = 1;
			remoteGlobalIDString = 52EDA39C2B7F210600B87043;
			remoteInfo = "BB Quotes";
		};
		52EDA3B82B7F211900B87043 /* PBXContainerItemProxy */ = {
			isa = PBXContainerItemProxy;
			containerPortal = 52EDA3952B7F210600B87043 /* Project object */;
			proxyType = 1;
			remoteGlobalIDString = 52EDA39C2B7F210600B87043;
			remoteInfo = "BB Quotes";
		};
/* End PBXContainerItemProxy section */

/* Begin PBXFileReference section */
		52EDA39D2B7F210600B87043 /* BB Quotes.app */ = {isa = PBXFileReference; explicitFileType = wrapper.application; includeInIndex = 0; path = "BB Quotes.app"; sourceTree = BUILT_PRODUCTS_DIR; };
		52EDA3A02B7F210600B87043 /* BB_QuotesApp.swift */ = {isa = PBXFileReference; lastKnownFileType = sourcecode.swift; path = BB_QuotesApp.swift; sourceTree = "<group>"; };
		52EDA3A22B7F210600B87043 /* ContentView.swift */ = {isa = PBXFileReference; lastKnownFileType = sourcecode.swift; path = ContentView.swift; sourceTree = "<group>"; };
		52EDA3A42B7F211600B87043 /* Assets.xcassets */ = {isa = PBXFileReference; lastKnownFileType = folder.assetcatalog; path = Assets.xcassets; sourceTree = "<group>"; };
		52EDA3A72B7F211600B87043 /* Preview Assets.xcassets */ = {isa = PBXFileReference; lastKnownFileType = folder.assetcatalog; path = "Preview Assets.xcassets"; sourceTree = "<group>"; };
		52EDA3AD2B7F211800B87043 /* BB QuotesTests.xctest */ = {isa = PBXFileReference; explicitFileType = wrapper.cfbundle; includeInIndex = 0; path = "BB QuotesTests.xctest"; sourceTree = BUILT_PRODUCTS_DIR; };
		52EDA3B12B7F211800B87043 /* BB_QuotesTests.swift */ = {isa = PBXFileReference; lastKnownFileType = sourcecode.swift; path = BB_QuotesTests.swift; sourceTree = "<group>"; };
		52EDA3B72B7F211900B87043 /* BB QuotesUITests.xctest */ = {isa = PBXFileReference; explicitFileType = wrapper.cfbundle; includeInIndex = 0; path = "BB QuotesUITests.xctest"; sourceTree = BUILT_PRODUCTS_DIR; };
		52EDA3BB2B7F211900B87043 /* BB_QuotesUITests.swift */ = {isa = PBXFileReference; lastKnownFileType = sourcecode.swift; path = BB_QuotesUITests.swift; sourceTree = "<group>"; };
		52EDA3BD2B7F211900B87043 /* BB_QuotesUITestsLaunchTests.swift */ = {isa = PBXFileReference; lastKnownFileType = sourcecode.swift; path = BB_QuotesUITestsLaunchTests.swift; sourceTree = "<group>"; };
		52EDA3CA2B7F242B00B87043 /* samplecharacter.json */ = {isa = PBXFileReference; fileEncoding = 4; lastKnownFileType = text.json; path = samplecharacter.json; sourceTree = "<group>"; };
		52EDA3CC2B7F292B00B87043 /* Quote.swift */ = {isa = PBXFileReference; lastKnownFileType = sourcecode.swift; path = Quote.swift; sourceTree = "<group>"; };
		52EDA3CE2B7F2A1800B87043 /* Character.swift */ = {isa = PBXFileReference; lastKnownFileType = sourcecode.swift; path = Character.swift; sourceTree = "<group>"; };
		52EDA3D02B7F2AD100B87043 /* README.md */ = {isa = PBXFileReference; lastKnownFileType = net.daringfireball.markdown; path = README.md; sourceTree = "<group>"; };
		52EDA3D22B7F2C5B00B87043 /* FetchController.swift */ = {isa = PBXFileReference; lastKnownFileType = sourcecode.swift; path = FetchController.swift; sourceTree = "<group>"; };
		52EDA3D42B7F302200B87043 /* Constants.swift */ = {isa = PBXFileReference; lastKnownFileType = sourcecode.swift; path = Constants.swift; sourceTree = "<group>"; };
		52EDA3D62B802AD900B87043 /* ViewModel.swift */ = {isa = PBXFileReference; lastKnownFileType = sourcecode.swift; path = ViewModel.swift; sourceTree = "<group>"; };
		52EDA3D82B80394000B87043 /* QuoteView.swift */ = {isa = PBXFileReference; lastKnownFileType = sourcecode.swift; path = QuoteView.swift; sourceTree = "<group>"; };
		52EDA3DA2B80602100B87043 /* CharacterVIew.swift */ = {isa = PBXFileReference; lastKnownFileType = sourcecode.swift; path = CharacterVIew.swift; sourceTree = "<group>"; };
/* End PBXFileReference section */

/* Begin PBXFrameworksBuildPhase section */
		52EDA39A2B7F210600B87043 /* Frameworks */ = {
			isa = PBXFrameworksBuildPhase;
			buildActionMask = 2147483647;
			files = (
			);
			runOnlyForDeploymentPostprocessing = 0;
		};
		52EDA3AA2B7F211800B87043 /* Frameworks */ = {
			isa = PBXFrameworksBuildPhase;
			buildActionMask = 2147483647;
			files = (
			);
			runOnlyForDeploymentPostprocessing = 0;
		};
		52EDA3B42B7F211900B87043 /* Frameworks */ = {
			isa = PBXFrameworksBuildPhase;
			buildActionMask = 2147483647;
			files = (
			);
			runOnlyForDeploymentPostprocessing = 0;
		};
/* End PBXFrameworksBuildPhase section */

/* Begin PBXGroup section */
		52EDA3942B7F210600B87043 = {
			isa = PBXGroup;
			children = (
				52EDA3D02B7F2AD100B87043 /* README.md */,
				52EDA39F2B7F210600B87043 /* BB Quotes */,
				52EDA3B02B7F211800B87043 /* BB QuotesTests */,
				52EDA3BA2B7F211900B87043 /* BB QuotesUITests */,
				52EDA39E2B7F210600B87043 /* Products */,
			);
			sourceTree = "<group>";
		};
		52EDA39E2B7F210600B87043 /* Products */ = {
			isa = PBXGroup;
			children = (
				52EDA39D2B7F210600B87043 /* BB Quotes.app */,
				52EDA3AD2B7F211800B87043 /* BB QuotesTests.xctest */,
				52EDA3B72B7F211900B87043 /* BB QuotesUITests.xctest */,
			);
			name = Products;
			sourceTree = "<group>";
		};
		52EDA39F2B7F210600B87043 /* BB Quotes */ = {
			isa = PBXGroup;
			children = (
				52EDA3A02B7F210600B87043 /* BB_QuotesApp.swift */,
				52EDA3A22B7F210600B87043 /* ContentView.swift */,
				52EDA3D22B7F2C5B00B87043 /* FetchController.swift */,
				52EDA3D62B802AD900B87043 /* ViewModel.swift */,
				52EDA3D82B80394000B87043 /* QuoteView.swift */,
				52EDA3CC2B7F292B00B87043 /* Quote.swift */,
				52EDA3DA2B80602100B87043 /* CharacterVIew.swift */,
				52EDA3CE2B7F2A1800B87043 /* Character.swift */,
				52EDA3D42B7F302200B87043 /* Constants.swift */,
				52EDA3CA2B7F242B00B87043 /* samplecharacter.json */,
				52EDA3A42B7F211600B87043 /* Assets.xcassets */,
				52EDA3A62B7F211600B87043 /* Preview Content */,
			);
			path = "BB Quotes";
			sourceTree = "<group>";
		};
		52EDA3A62B7F211600B87043 /* Preview Content */ = {
			isa = PBXGroup;
			children = (
				52EDA3A72B7F211600B87043 /* Preview Assets.xcassets */,
			);
			path = "Preview Content";
			sourceTree = "<group>";
		};
		52EDA3B02B7F211800B87043 /* BB QuotesTests */ = {
			isa = PBXGroup;
			children = (
				52EDA3B12B7F211800B87043 /* BB_QuotesTests.swift */,
			);
			path = "BB QuotesTests";
			sourceTree = "<group>";
		};
		52EDA3BA2B7F211900B87043 /* BB QuotesUITests */ = {
			isa = PBXGroup;
			children = (
				52EDA3BB2B7F211900B87043 /* BB_QuotesUITests.swift */,
				52EDA3BD2B7F211900B87043 /* BB_QuotesUITestsLaunchTests.swift */,
			);
			path = "BB QuotesUITests";
			sourceTree = "<group>";
		};
/* End PBXGroup section */

/* Begin PBXNativeTarget section */
		52EDA39C2B7F210600B87043 /* BB Quotes */ = {
			isa = PBXNativeTarget;
			buildConfigurationList = 52EDA3C12B7F211900B87043 /* Build configuration list for PBXNativeTarget "BB Quotes" */;
			buildPhases = (
				52EDA3992B7F210600B87043 /* Sources */,
				52EDA39A2B7F210600B87043 /* Frameworks */,
				52EDA39B2B7F210600B87043 /* Resources */,
			);
			buildRules = (
			);
			dependencies = (
			);
			name = "BB Quotes";
			productName = "BB Quotes";
			productReference = 52EDA39D2B7F210600B87043 /* BB Quotes.app */;
			productType = "com.apple.product-type.application";
		};
		52EDA3AC2B7F211800B87043 /* BB QuotesTests */ = {
			isa = PBXNativeTarget;
			buildConfigurationList = 52EDA3C42B7F211900B87043 /* Build configuration list for PBXNativeTarget "BB QuotesTests" */;
			buildPhases = (
				52EDA3A92B7F211800B87043 /* Sources */,
				52EDA3AA2B7F211800B87043 /* Frameworks */,
				52EDA3AB2B7F211800B87043 /* Resources */,
			);
			buildRules = (
			);
			dependencies = (
				52EDA3AF2B7F211800B87043 /* PBXTargetDependency */,
			);
			name = "BB QuotesTests";
			productName = "BB QuotesTests";
			productReference = 52EDA3AD2B7F211800B87043 /* BB QuotesTests.xctest */;
			productType = "com.apple.product-type.bundle.unit-test";
		};
		52EDA3B62B7F211900B87043 /* BB QuotesUITests */ = {
			isa = PBXNativeTarget;
			buildConfigurationList = 52EDA3C72B7F211900B87043 /* Build configuration list for PBXNativeTarget "BB QuotesUITests" */;
			buildPhases = (
				52EDA3B32B7F211900B87043 /* Sources */,
				52EDA3B42B7F211900B87043 /* Frameworks */,
				52EDA3B52B7F211900B87043 /* Resources */,
			);
			buildRules = (
			);
			dependencies = (
				52EDA3B92B7F211900B87043 /* PBXTargetDependency */,
			);
			name = "BB QuotesUITests";
			productName = "BB QuotesUITests";
			productReference = 52EDA3B72B7F211900B87043 /* BB QuotesUITests.xctest */;
			productType = "com.apple.product-type.bundle.ui-testing";
		};
/* End PBXNativeTarget section */

/* Begin PBXProject section */
		52EDA3952B7F210600B87043 /* Project object */ = {
			isa = PBXProject;
			attributes = {
				BuildIndependentTargetsInParallel = 1;
				LastSwiftUpdateCheck = 1520;
				LastUpgradeCheck = 1520;
				TargetAttributes = {
					52EDA39C2B7F210600B87043 = {
						CreatedOnToolsVersion = 15.2;
					};
					52EDA3AC2B7F211800B87043 = {
						CreatedOnToolsVersion = 15.2;
						TestTargetID = 52EDA39C2B7F210600B87043;
					};
					52EDA3B62B7F211900B87043 = {
						CreatedOnToolsVersion = 15.2;
						TestTargetID = 52EDA39C2B7F210600B87043;
					};
				};
			};
			buildConfigurationList = 52EDA3982B7F210600B87043 /* Build configuration list for PBXProject "BB Quotes" */;
			compatibilityVersion = "Xcode 14.0";
			developmentRegion = en;
			hasScannedForEncodings = 0;
			knownRegions = (
				en,
				Base,
			);
			mainGroup = 52EDA3942B7F210600B87043;
			productRefGroup = 52EDA39E2B7F210600B87043 /* Products */;
			projectDirPath = "";
			projectRoot = "";
			targets = (
				52EDA39C2B7F210600B87043 /* BB Quotes */,
				52EDA3AC2B7F211800B87043 /* BB QuotesTests */,
				52EDA3B62B7F211900B87043 /* BB QuotesUITests */,
			);
		};
/* End PBXProject section */

/* Begin PBXResourcesBuildPhase section */
		52EDA39B2B7F210600B87043 /* Resources */ = {
			isa = PBXResourcesBuildPhase;
			buildActionMask = 2147483647;
			files = (
				52EDA3A82B7F211600B87043 /* Preview Assets.xcassets in Resources */,
				52EDA3CB2B7F242B00B87043 /* samplecharacter.json in Resources */,
				52EDA3D12B7F2AD100B87043 /* README.md in Resources */,
				52EDA3A52B7F211600B87043 /* Assets.xcassets in Resources */,
			);
			runOnlyForDeploymentPostprocessing = 0;
		};
		52EDA3AB2B7F211800B87043 /* Resources */ = {
			isa = PBXResourcesBuildPhase;
			buildActionMask = 2147483647;
			files = (
			);
			runOnlyForDeploymentPostprocessing = 0;
		};
		52EDA3B52B7F211900B87043 /* Resources */ = {
			isa = PBXResourcesBuildPhase;
			buildActionMask = 2147483647;
			files = (
			);
			runOnlyForDeploymentPostprocessing = 0;
		};
/* End PBXResourcesBuildPhase section */

/* Begin PBXSourcesBuildPhase section */
		52EDA3992B7F210600B87043 /* Sources */ = {
			isa = PBXSourcesBuildPhase;
			buildActionMask = 2147483647;
			files = (
				52EDA3A32B7F210600B87043 /* ContentView.swift in Sources */,
				52EDA3DB2B80602100B87043 /* CharacterVIew.swift in Sources */,
				52EDA3CD2B7F292B00B87043 /* Quote.swift in Sources */,
				52EDA3A12B7F210600B87043 /* BB_QuotesApp.swift in Sources */,
				52EDA3D92B80394000B87043 /* QuoteView.swift in Sources */,
				52EDA3D32B7F2C5B00B87043 /* FetchController.swift in Sources */,
				52EDA3CF2B7F2A1800B87043 /* Character.swift in Sources */,
				52EDA3D52B7F302200B87043 /* Constants.swift in Sources */,
				52EDA3D72B802AD900B87043 /* ViewModel.swift in Sources */,
			);
			runOnlyForDeploymentPostprocessing = 0;
		};
		52EDA3A92B7F211800B87043 /* Sources */ = {
			isa = PBXSourcesBuildPhase;
			buildActionMask = 2147483647;
			files = (
				52EDA3B22B7F211800B87043 /* BB_QuotesTests.swift in Sources */,
			);
			runOnlyForDeploymentPostprocessing = 0;
		};
		52EDA3B32B7F211900B87043 /* Sources */ = {
			isa = PBXSourcesBuildPhase;
			buildActionMask = 2147483647;
			files = (
				52EDA3BC2B7F211900B87043 /* BB_QuotesUITests.swift in Sources */,
				52EDA3BE2B7F211900B87043 /* BB_QuotesUITestsLaunchTests.swift in Sources */,
			);
			runOnlyForDeploymentPostprocessing = 0;
		};
/* End PBXSourcesBuildPhase section */

/* Begin PBXTargetDependency section */
		52EDA3AF2B7F211800B87043 /* PBXTargetDependency */ = {
			isa = PBXTargetDependency;
			target = 52EDA39C2B7F210600B87043 /* BB Quotes */;
			targetProxy = 52EDA3AE2B7F211800B87043 /* PBXContainerItemProxy */;
		};
		52EDA3B92B7F211900B87043 /* PBXTargetDependency */ = {
			isa = PBXTargetDependency;
			target = 52EDA39C2B7F210600B87043 /* BB Quotes */;
			targetProxy = 52EDA3B82B7F211900B87043 /* PBXContainerItemProxy */;
		};
/* End PBXTargetDependency section */

/* Begin XCBuildConfiguration section */
		52EDA3BF2B7F211900B87043 /* Debug */ = {
			isa = XCBuildConfiguration;
			buildSettings = {
				ALWAYS_SEARCH_USER_PATHS = NO;
				ASSETCATALOG_COMPILER_GENERATE_SWIFT_ASSET_SYMBOL_EXTENSIONS = YES;
				CLANG_ANALYZER_NONNULL = YES;
				CLANG_ANALYZER_NUMBER_OBJECT_CONVERSION = YES_AGGRESSIVE;
				CLANG_CXX_LANGUAGE_STANDARD = "gnu++20";
				CLANG_ENABLE_MODULES = YES;
				CLANG_ENABLE_OBJC_ARC = YES;
				CLANG_ENABLE_OBJC_WEAK = YES;
				CLANG_WARN_BLOCK_CAPTURE_AUTORELEASING = YES;
				CLANG_WARN_BOOL_CONVERSION = YES;
				CLANG_WARN_COMMA = YES;
				CLANG_WARN_CONSTANT_CONVERSION = YES;
				CLANG_WARN_DEPRECATED_OBJC_IMPLEMENTATIONS = YES;
				CLANG_WARN_DIRECT_OBJC_ISA_USAGE = YES_ERROR;
				CLANG_WARN_DOCUMENTATION_COMMENTS = YES;
				CLANG_WARN_EMPTY_BODY = YES;
				CLANG_WARN_ENUM_CONVERSION = YES;
				CLANG_WARN_INFINITE_RECURSION = YES;
				CLANG_WARN_INT_CONVERSION = YES;
				CLANG_WARN_NON_LITERAL_NULL_CONVERSION = YES;
				CLANG_WARN_OBJC_IMPLICIT_RETAIN_SELF = YES;
				CLANG_WARN_OBJC_LITERAL_CONVERSION = YES;
				CLANG_WARN_OBJC_ROOT_CLASS = YES_ERROR;
				CLANG_WARN_QUOTED_INCLUDE_IN_FRAMEWORK_HEADER = YES;
				CLANG_WARN_RANGE_LOOP_ANALYSIS = YES;
				CLANG_WARN_STRICT_PROTOTYPES = YES;
				CLANG_WARN_SUSPICIOUS_MOVE = YES;
				CLANG_WARN_UNGUARDED_AVAILABILITY = YES_AGGRESSIVE;
				CLANG_WARN_UNREACHABLE_CODE = YES;
				CLANG_WARN__DUPLICATE_METHOD_MATCH = YES;
				COPY_PHASE_STRIP = NO;
				DEBUG_INFORMATION_FORMAT = dwarf;
				ENABLE_STRICT_OBJC_MSGSEND = YES;
				ENABLE_TESTABILITY = YES;
				ENABLE_USER_SCRIPT_SANDBOXING = YES;
				GCC_C_LANGUAGE_STANDARD = gnu17;
				GCC_DYNAMIC_NO_PIC = NO;
				GCC_NO_COMMON_BLOCKS = YES;
				GCC_OPTIMIZATION_LEVEL = 0;
				GCC_PREPROCESSOR_DEFINITIONS = (
					"DEBUG=1",
					"$(inherited)",
				);
				GCC_WARN_64_TO_32_BIT_CONVERSION = YES;
				GCC_WARN_ABOUT_RETURN_TYPE = YES_ERROR;
				GCC_WARN_UNDECLARED_SELECTOR = YES;
				GCC_WARN_UNINITIALIZED_AUTOS = YES_AGGRESSIVE;
				GCC_WARN_UNUSED_FUNCTION = YES;
				GCC_WARN_UNUSED_VARIABLE = YES;
				IPHONEOS_DEPLOYMENT_TARGET = 17.2;
				LOCALIZATION_PREFERS_STRING_CATALOGS = YES;
				MTL_ENABLE_DEBUG_INFO = INCLUDE_SOURCE;
				MTL_FAST_MATH = YES;
				ONLY_ACTIVE_ARCH = YES;
				SDKROOT = iphoneos;
				SWIFT_ACTIVE_COMPILATION_CONDITIONS = "DEBUG $(inherited)";
				SWIFT_OPTIMIZATION_LEVEL = "-Onone";
			};
			name = Debug;
		};
		52EDA3C02B7F211900B87043 /* Release */ = {
			isa = XCBuildConfiguration;
			buildSettings = {
				ALWAYS_SEARCH_USER_PATHS = NO;
				ASSETCATALOG_COMPILER_GENERATE_SWIFT_ASSET_SYMBOL_EXTENSIONS = YES;
				CLANG_ANALYZER_NONNULL = YES;
				CLANG_ANALYZER_NUMBER_OBJECT_CONVERSION = YES_AGGRESSIVE;
				CLANG_CXX_LANGUAGE_STANDARD = "gnu++20";
				CLANG_ENABLE_MODULES = YES;
				CLANG_ENABLE_OBJC_ARC = YES;
				CLANG_ENABLE_OBJC_WEAK = YES;
				CLANG_WARN_BLOCK_CAPTURE_AUTORELEASING = YES;
				CLANG_WARN_BOOL_CONVERSION = YES;
				CLANG_WARN_COMMA = YES;
				CLANG_WARN_CONSTANT_CONVERSION = YES;
				CLANG_WARN_DEPRECATED_OBJC_IMPLEMENTATIONS = YES;
				CLANG_WARN_DIRECT_OBJC_ISA_USAGE = YES_ERROR;
				CLANG_WARN_DOCUMENTATION_COMMENTS = YES;
				CLANG_WARN_EMPTY_BODY = YES;
				CLANG_WARN_ENUM_CONVERSION = YES;
				CLANG_WARN_INFINITE_RECURSION = YES;
				CLANG_WARN_INT_CONVERSION = YES;
				CLANG_WARN_NON_LITERAL_NULL_CONVERSION = YES;
				CLANG_WARN_OBJC_IMPLICIT_RETAIN_SELF = YES;
				CLANG_WARN_OBJC_LITERAL_CONVERSION = YES;
				CLANG_WARN_OBJC_ROOT_CLASS = YES_ERROR;
				CLANG_WARN_QUOTED_INCLUDE_IN_FRAMEWORK_HEADER = YES;
				CLANG_WARN_RANGE_LOOP_ANALYSIS = YES;
				CLANG_WARN_STRICT_PROTOTYPES = YES;
				CLANG_WARN_SUSPICIOUS_MOVE = YES;
				CLANG_WARN_UNGUARDED_AVAILABILITY = YES_AGGRESSIVE;
				CLANG_WARN_UNREACHABLE_CODE = YES;
				CLANG_WARN__DUPLICATE_METHOD_MATCH = YES;
				COPY_PHASE_STRIP = NO;
				DEBUG_INFORMATION_FORMAT = "dwarf-with-dsym";
				ENABLE_NS_ASSERTIONS = NO;
				ENABLE_STRICT_OBJC_MSGSEND = YES;
				ENABLE_USER_SCRIPT_SANDBOXING = YES;
				GCC_C_LANGUAGE_STANDARD = gnu17;
				GCC_NO_COMMON_BLOCKS = YES;
				GCC_WARN_64_TO_32_BIT_CONVERSION = YES;
				GCC_WARN_ABOUT_RETURN_TYPE = YES_ERROR;
				GCC_WARN_UNDECLARED_SELECTOR = YES;
				GCC_WARN_UNINITIALIZED_AUTOS = YES_AGGRESSIVE;
				GCC_WARN_UNUSED_FUNCTION = YES;
				GCC_WARN_UNUSED_VARIABLE = YES;
				IPHONEOS_DEPLOYMENT_TARGET = 17.2;
				LOCALIZATION_PREFERS_STRING_CATALOGS = YES;
				MTL_ENABLE_DEBUG_INFO = NO;
				MTL_FAST_MATH = YES;
				SDKROOT = iphoneos;
				SWIFT_COMPILATION_MODE = wholemodule;
				VALIDATE_PRODUCT = YES;
			};
			name = Release;
		};
		52EDA3C22B7F211900B87043 /* Debug */ = {
			isa = XCBuildConfiguration;
			buildSettings = {
				ASSETCATALOG_COMPILER_APPICON_NAME = AppIcon;
				ASSETCATALOG_COMPILER_GLOBAL_ACCENT_COLOR_NAME = AccentColor;
				CODE_SIGN_STYLE = Automatic;
				CURRENT_PROJECT_VERSION = 1;
				DEVELOPMENT_ASSET_PATHS = "\"BB Quotes/Preview Content\"";
				ENABLE_PREVIEWS = YES;
				GENERATE_INFOPLIST_FILE = YES;
				INFOPLIST_KEY_CFBundleDisplayName = "Say My Name";
				INFOPLIST_KEY_UIApplicationSceneManifest_Generation = YES;
				INFOPLIST_KEY_UIApplicationSupportsIndirectInputEvents = YES;
				INFOPLIST_KEY_UILaunchScreen_Generation = YES;
				INFOPLIST_KEY_UISupportedInterfaceOrientations_iPad = "UIInterfaceOrientationPortrait UIInterfaceOrientationPortraitUpsideDown UIInterfaceOrientationLandscapeLeft UIInterfaceOrientationLandscapeRight";
				INFOPLIST_KEY_UISupportedInterfaceOrientations_iPhone = "UIInterfaceOrientationPortrait UIInterfaceOrientationLandscapeLeft UIInterfaceOrientationLandscapeRight";
				LD_RUNPATH_SEARCH_PATHS = (
					"$(inherited)",
					"@executable_path/Frameworks",
				);
				MARKETING_VERSION = 1.0;
				PRODUCT_BUNDLE_IDENTIFIER = "com.minyi.BB-Quotes";
				PRODUCT_NAME = "$(TARGET_NAME)";
				SWIFT_EMIT_LOC_STRINGS = YES;
				SWIFT_VERSION = 5.0;
				TARGETED_DEVICE_FAMILY = "1,2";
			};
			name = Debug;
		};
		52EDA3C32B7F211900B87043 /* Release */ = {
			isa = XCBuildConfiguration;
			buildSettings = {
				ASSETCATALOG_COMPILER_APPICON_NAME = AppIcon;
				ASSETCATALOG_COMPILER_GLOBAL_ACCENT_COLOR_NAME = AccentColor;
				CODE_SIGN_STYLE = Automatic;
				CURRENT_PROJECT_VERSION = 1;
				DEVELOPMENT_ASSET_PATHS = "\"BB Quotes/Preview Content\"";
				ENABLE_PREVIEWS = YES;
				GENERATE_INFOPLIST_FILE = YES;
				INFOPLIST_KEY_CFBundleDisplayName = "Say My Name";
				INFOPLIST_KEY_UIApplicationSceneManifest_Generation = YES;
				INFOPLIST_KEY_UIApplicationSupportsIndirectInputEvents = YES;
				INFOPLIST_KEY_UILaunchScreen_Generation = YES;
				INFOPLIST_KEY_UISupportedInterfaceOrientations_iPad = "UIInterfaceOrientationPortrait UIInterfaceOrientationPortraitUpsideDown UIInterfaceOrientationLandscapeLeft UIInterfaceOrientationLandscapeRight";
				INFOPLIST_KEY_UISupportedInterfaceOrientations_iPhone = "UIInterfaceOrientationPortrait UIInterfaceOrientationLandscapeLeft UIInterfaceOrientationLandscapeRight";
				LD_RUNPATH_SEARCH_PATHS = (
					"$(inherited)",
					"@executable_path/Frameworks",
				);
				MARKETING_VERSION = 1.0;
				PRODUCT_BUNDLE_IDENTIFIER = "com.minyi.BB-Quotes";
				PRODUCT_NAME = "$(TARGET_NAME)";
				SWIFT_EMIT_LOC_STRINGS = YES;
				SWIFT_VERSION = 5.0;
				TARGETED_DEVICE_FAMILY = "1,2";
			};
			name = Release;
		};
		52EDA3C52B7F211900B87043 /* Debug */ = {
			isa = XCBuildConfiguration;
			buildSettings = {
				ALWAYS_EMBED_SWIFT_STANDARD_LIBRARIES = YES;
				BUNDLE_LOADER = "$(TEST_HOST)";
				CODE_SIGN_STYLE = Automatic;
				CURRENT_PROJECT_VERSION = 1;
				GENERATE_INFOPLIST_FILE = YES;
				IPHONEOS_DEPLOYMENT_TARGET = 17.2;
				MARKETING_VERSION = 1.0;
				PRODUCT_BUNDLE_IDENTIFIER = "com.minyi.BB-QuotesTests";
				PRODUCT_NAME = "$(TARGET_NAME)";
				SWIFT_EMIT_LOC_STRINGS = NO;
				SWIFT_VERSION = 5.0;
				TARGETED_DEVICE_FAMILY = "1,2";
				TEST_HOST = "$(BUILT_PRODUCTS_DIR)/BB Quotes.app/$(BUNDLE_EXECUTABLE_FOLDER_PATH)/BB Quotes";
			};
			name = Debug;
		};
		52EDA3C62B7F211900B87043 /* Release */ = {
			isa = XCBuildConfiguration;
			buildSettings = {
				ALWAYS_EMBED_SWIFT_STANDARD_LIBRARIES = YES;
				BUNDLE_LOADER = "$(TEST_HOST)";
				CODE_SIGN_STYLE = Automatic;
				CURRENT_PROJECT_VERSION = 1;
				GENERATE_INFOPLIST_FILE = YES;
				IPHONEOS_DEPLOYMENT_TARGET = 17.2;
				MARKETING_VERSION = 1.0;
				PRODUCT_BUNDLE_IDENTIFIER = "com.minyi.BB-QuotesTests";
				PRODUCT_NAME = "$(TARGET_NAME)";
				SWIFT_EMIT_LOC_STRINGS = NO;
				SWIFT_VERSION = 5.0;
				TARGETED_DEVICE_FAMILY = "1,2";
				TEST_HOST = "$(BUILT_PRODUCTS_DIR)/BB Quotes.app/$(BUNDLE_EXECUTABLE_FOLDER_PATH)/BB Quotes";
			};
			name = Release;
		};
		52EDA3C82B7F211900B87043 /* Debug */ = {
			isa = XCBuildConfiguration;
			buildSettings = {
				ALWAYS_EMBED_SWIFT_STANDARD_LIBRARIES = YES;
				CODE_SIGN_STYLE = Automatic;
				CURRENT_PROJECT_VERSION = 1;
				GENERATE_INFOPLIST_FILE = YES;
				MARKETING_VERSION = 1.0;
				PRODUCT_BUNDLE_IDENTIFIER = "com.minyi.BB-QuotesUITests";
				PRODUCT_NAME = "$(TARGET_NAME)";
				SWIFT_EMIT_LOC_STRINGS = NO;
				SWIFT_VERSION = 5.0;
				TARGETED_DEVICE_FAMILY = "1,2";
				TEST_TARGET_NAME = "BB Quotes";
			};
			name = Debug;
		};
		52EDA3C92B7F211900B87043 /* Release */ = {
			isa = XCBuildConfiguration;
			buildSettings = {
				ALWAYS_EMBED_SWIFT_STANDARD_LIBRARIES = YES;
				CODE_SIGN_STYLE = Automatic;
				CURRENT_PROJECT_VERSION = 1;
				GENERATE_INFOPLIST_FILE = YES;
				MARKETING_VERSION = 1.0;
				PRODUCT_BUNDLE_IDENTIFIER = "com.minyi.BB-QuotesUITests";
				PRODUCT_NAME = "$(TARGET_NAME)";
				SWIFT_EMIT_LOC_STRINGS = NO;
				SWIFT_VERSION = 5.0;
				TARGETED_DEVICE_FAMILY = "1,2";
				TEST_TARGET_NAME = "BB Quotes";
			};
			name = Release;
		};
/* End XCBuildConfiguration section */

/* Begin XCConfigurationList section */
		52EDA3982B7F210600B87043 /* Build configuration list for PBXProject "BB Quotes" */ = {
			isa = XCConfigurationList;
			buildConfigurations = (
				52EDA3BF2B7F211900B87043 /* Debug */,
				52EDA3C02B7F211900B87043 /* Release */,
			);
			defaultConfigurationIsVisible = 0;
			defaultConfigurationName = Release;
		};
		52EDA3C12B7F211900B87043 /* Build configuration list for PBXNativeTarget "BB Quotes" */ = {
			isa = XCConfigurationList;
			buildConfigurations = (
				52EDA3C22B7F211900B87043 /* Debug */,
				52EDA3C32B7F211900B87043 /* Release */,
			);
			defaultConfigurationIsVisible = 0;
			defaultConfigurationName = Release;
		};
		52EDA3C42B7F211900B87043 /* Build configuration list for PBXNativeTarget "BB QuotesTests" */ = {
			isa = XCConfigurationList;
			buildConfigurations = (
				52EDA3C52B7F211900B87043 /* Debug */,
				52EDA3C62B7F211900B87043 /* Release */,
			);
			defaultConfigurationIsVisible = 0;
			defaultConfigurationName = Release;
		};
		52EDA3C72B7F211900B87043 /* Build configuration list for PBXNativeTarget "BB QuotesUITests" */ = {
			isa = XCConfigurationList;
			buildConfigurations = (
				52EDA3C82B7F211900B87043 /* Debug */,
				52EDA3C92B7F211900B87043 /* Release */,
			);
			defaultConfigurationIsVisible = 0;
			defaultConfigurationName = Release;
		};
/* End XCConfigurationList section */
	};
	rootObject = 52EDA3952B7F210600B87043 /* Project object */;
}
